
Microsoft Visual Studio Solution File, Format Version 12.00
# Visual Studio Version 17
VisualStudioVersion = 17.9.34902.65
MinimumVisualStudioVersion = 10.0.40219.1
Project("{FAE04EC0-301F-11D3-BF4B-00C04F79EFBC}") = "az-104-app-insert", "az-104-app-insert\az-104-app-insert.csproj", "{510FE367-D41E-47C2-8DFE-E132E3B11112}"
EndProject
Global
	GlobalSection(SolutionConfigurationPlatforms) = preSolution
		Debug|Any CPU = Debug|Any CPU
		Release|Any CPU = Release|Any CPU
	EndGlobalSection
	GlobalSection(ProjectConfigurationPlatforms) = postSolution
		{510FE367-D41E-47C2-8DFE-E132E3B11112}.Debug|Any CPU.ActiveCfg = Debug|Any CPU
		{510FE367-D41E-47C2-8DFE-E132E3B11112}.Debug|Any CPU.Build.0 = Debug|Any CPU
		{510FE367-D41E-47C2-8DFE-E132E3B11112}.Release|Any CPU.ActiveCfg = Release|Any CPU
		{510FE367-D41E-47C2-8DFE-E132E3B11112}.Release|Any CPU.Build.0 = Release|Any CPU
	EndGlobalSection
	GlobalSection(SolutionProperties) = preSolution
		HideSolutionNode = FALSE
	EndGlobalSection
	GlobalSection(ExtensibilityGlobals) = postSolution
		SolutionGuid = {23E749AE-2FB7-4004-A241-914265FF3DED}
	EndGlobalSection
EndGlobal
